
Microsoft Visual Studio Solution File, Format Version 12.00
# Visual Studio Version 17
VisualStudioVersion = 17.1.32421.90
MinimumVisualStudioVersion = 10.0.40219.1
Project("{FAE04EC0-301F-11D3-BF4B-00C04F79EFBC}") = "ScrollingText", "ScrollingText.csproj", "{0EFB2EDD-A9B4-4A6C-A554-C95412DD46BA}"
EndProject
Global
	GlobalSection(SolutionConfigurationPlatforms) = preSolution
		Debug|Any CPU = Debug|Any CPU
		Release|Any CPU = Release|Any CPU
	EndGlobalSection
	GlobalSection(ProjectConfigurationPlatforms) = postSolution
		{0EFB2EDD-A9B4-4A6C-A554-C95412DD46BA}.Debug|Any CPU.ActiveCfg = Debug|Any CPU
		{0EFB2EDD-A9B4-4A6C-A554-C95412DD46BA}.Debug|Any CPU.Build.0 = Debug|Any CPU
		{0EFB2EDD-A9B4-4A6C-A554-C95412DD46BA}.Release|Any CPU.ActiveCfg = Release|Any CPU
		{0EFB2EDD-A9B4-4A6C-A554-C95412DD46BA}.Release|Any CPU.Build.0 = Release|Any CPU
	EndGlobalSection
	GlobalSection(SolutionProperties) = preSolution
		HideSolutionNode = FALSE
	EndGlobalSection
	GlobalSection(ExtensibilityGlobals) = postSolution
		SolutionGuid = {7330C99F-9F94-4074-9DBA-0CF4647851E6}
	EndGlobalSection
EndGlobal
